
Microsoft Visual Studio Solution File, Format Version 12.00
# Visual Studio 15
VisualStudioVersion = 15.0.28307.572
MinimumVisualStudioVersion = 10.0.40219.1
Project("{2150E333-8FDC-42A3-9474-1A3956D46DE8}") = "CLI", "CLI", "{0A4AA113-ADE2-4621-BA82-0B77141F2BC0}"
EndProject
Project("{2150E333-8FDC-42A3-9474-1A3956D46DE8}") = "Web", "Web", "{10CA964C-D9D9-4CAB-A774-6150F23E6083}"
EndProject
Project("{9A19103F-16F7-4668-BE54-9A1E7A4F7556}") = "Reality.CLI", "Reality.CLI\Reality.CLI.csproj", "{AECD6E59-2EC2-4FCA-99F5-7E04243511CF}"
EndProject
Project("{9A19103F-16F7-4668-BE54-9A1E7A4F7556}") = "Reality.Core", "Reality.Core\Reality.Core.csproj", "{6BE5FB48-09FF-4632-89FE-1B847F0C5296}"
EndProject
Project("{2150E333-8FDC-42A3-9474-1A3956D46DE8}") = "Lib", "Lib", "{36C9CFEC-7EF1-497F-A439-2C934591D144}"
EndProject
Project("{9A19103F-16F7-4668-BE54-9A1E7A4F7556}") = "Reality.Lib.Standard", "Reality.Lib.Standard\Reality.Lib.Standard.csproj", "{5467CD8A-CCC3-4C97-AA2F-C9AC54C95551}"
EndProject
Project("{9A19103F-16F7-4668-BE54-9A1E7A4F7556}") = "Reality.Lib.Core", "Reality.Lib.Core\Reality.Lib.Core.csproj", "{1E45057D-5D9D-4438-A3DD-149FC20DF61F}"
EndProject
Project("{2150E333-8FDC-42A3-9474-1A3956D46DE8}") = "AWS", "AWS", "{EB72B845-1CDE-45ED-BF9E-FE8BE12651AF}"
EndProject
Project("{9A19103F-16F7-4668-BE54-9A1E7A4F7556}") = "AWS.EmailService", "AWS\AWS.EmailService\AWS.EmailService.csproj", "{08B0736E-507C-4DEC-B363-A59B286F1F3F}"
EndProject
Project("{9A19103F-16F7-4668-BE54-9A1E7A4F7556}") = "AWS.BucketWatcher", "AWS\AWS.BucketWatcher\AWS.BucketWatcher.csproj", "{05BF03EE-ECCE-464F-8892-6B7B4A097AD7}"
EndProject
Project("{9A19103F-16F7-4668-BE54-9A1E7A4F7556}") = "AWS.Queue.Fifo", "AWS\AWS.Queue.Fifo\AWS.Queue.Fifo.csproj", "{3D75B5C1-90E9-4556-83FF-3466FD3DCF50}"
EndProject
Project("{9A19103F-16F7-4668-BE54-9A1E7A4F7556}") = "AWS.Queue.Standard", "AWS\AWS.Queue.Standard\AWS.Queue.Standard.csproj", "{BD0EEA4C-5109-4220-90B4-7E9FC000F1D1}"
EndProject
Project("{2150E333-8FDC-42A3-9474-1A3956D46DE8}") = "Core", "Core", "{F22E6A54-0358-40F3-BE86-832FC76B42B1}"
EndProject
Project("{9A19103F-16F7-4668-BE54-9A1E7A4F7556}") = "AWS.Lambda.CoreServices", "AWS\Core\AWS.Lambda.CoreServices\AWS.Lambda.CoreServices.csproj", "{9D4A5315-84DA-4A49-B561-FBC8C2BDF527}"
EndProject
Project("{9A19103F-16F7-4668-BE54-9A1E7A4F7556}") = "AWS.Helper.Core", "AWS\Core\AWS.Helper.Core\AWS.Helper.Core.csproj", "{898A33E5-4DF9-4760-93F7-8A3D8913606D}"
EndProject
Project("{9A19103F-16F7-4668-BE54-9A1E7A4F7556}") = "AWS.Lambda.Configuration", "AWS\Core\AWS.Lambda.Configuration\AWS.Lambda.Configuration.csproj", "{F4B293EC-AAB1-46F4-9CD8-09F286BE9B65}"
EndProject
Project("{9A19103F-16F7-4668-BE54-9A1E7A4F7556}") = "AWS.Lambda.Environment", "AWS\Core\AWS.Lambda.Environment\AWS.Lambda.Environment.csproj", "{F4BD2773-2DF2-4163-B6CF-EC0D4E6518CE}"
EndProject
Project("{9A19103F-16F7-4668-BE54-9A1E7A4F7556}") = "AWS.Lambda.DI", "AWS\Core\AWS.Lambda.DI\AWS.Lambda.DI.csproj", "{057581B3-03F6-4415-9EFD-34805F16BB15}"
EndProject
Project("{2150E333-8FDC-42A3-9474-1A3956D46DE8}") = "Lambdas", "Lambdas", "{FF60B4F3-85F4-4658-AF24-42F527AD2928}"
EndProject
Project("{9A19103F-16F7-4668-BE54-9A1E7A4F7556}") = "AWS.QueueProcessor", "AWS\Lambdas\AWS.QueueProcessor\AWS.QueueProcessor.csproj", "{106EF023-6A98-457F-976A-00A8B5153617}"
EndProject
Project("{2150E333-8FDC-42A3-9474-1A3956D46DE8}") = "Cognito", "Cognito", "{C7AF57FE-17FD-498B-9894-8D6701AFCADA}"
EndProject
Project("{FAE04EC0-301F-11D3-BF4B-00C04F79EFBC}") = "AWS.Cognito.Core", "AWS\Lambdas\Cognito\AWS.Cognito.Core\AWS.Cognito.Core.csproj", "{2E1DAB5A-F322-41D4-9981-3CE1A32A8ABE}"
EndProject
Global
	GlobalSection(SolutionConfigurationPlatforms) = preSolution
		Debug|Any CPU = Debug|Any CPU
		Release|Any CPU = Release|Any CPU
	EndGlobalSection
	GlobalSection(ProjectConfigurationPlatforms) = postSolution
		{AECD6E59-2EC2-4FCA-99F5-7E04243511CF}.Debug|Any CPU.ActiveCfg = Debug|Any CPU
		{AECD6E59-2EC2-4FCA-99F5-7E04243511CF}.Debug|Any CPU.Build.0 = Debug|Any CPU
		{AECD6E59-2EC2-4FCA-99F5-7E04243511CF}.Release|Any CPU.ActiveCfg = Release|Any CPU
		{AECD6E59-2EC2-4FCA-99F5-7E04243511CF}.Release|Any CPU.Build.0 = Release|Any CPU
		{6BE5FB48-09FF-4632-89FE-1B847F0C5296}.Debug|Any CPU.ActiveCfg = Debug|Any CPU
		{6BE5FB48-09FF-4632-89FE-1B847F0C5296}.Debug|Any CPU.Build.0 = Debug|Any CPU
		{6BE5FB48-09FF-4632-89FE-1B847F0C5296}.Release|Any CPU.ActiveCfg = Release|Any CPU
		{6BE5FB48-09FF-4632-89FE-1B847F0C5296}.Release|Any CPU.Build.0 = Release|Any CPU
		{5467CD8A-CCC3-4C97-AA2F-C9AC54C95551}.Debug|Any CPU.ActiveCfg = Debug|Any CPU
		{5467CD8A-CCC3-4C97-AA2F-C9AC54C95551}.Debug|Any CPU.Build.0 = Debug|Any CPU
		{5467CD8A-CCC3-4C97-AA2F-C9AC54C95551}.Release|Any CPU.ActiveCfg = Release|Any CPU
		{5467CD8A-CCC3-4C97-AA2F-C9AC54C95551}.Release|Any CPU.Build.0 = Release|Any CPU
		{1E45057D-5D9D-4438-A3DD-149FC20DF61F}.Debug|Any CPU.ActiveCfg = Debug|Any CPU
		{1E45057D-5D9D-4438-A3DD-149FC20DF61F}.Debug|Any CPU.Build.0 = Debug|Any CPU
		{1E45057D-5D9D-4438-A3DD-149FC20DF61F}.Release|Any CPU.ActiveCfg = Release|Any CPU
		{1E45057D-5D9D-4438-A3DD-149FC20DF61F}.Release|Any CPU.Build.0 = Release|Any CPU
		{08B0736E-507C-4DEC-B363-A59B286F1F3F}.Debug|Any CPU.ActiveCfg = Debug|Any CPU
		{08B0736E-507C-4DEC-B363-A59B286F1F3F}.Debug|Any CPU.Build.0 = Debug|Any CPU
		{08B0736E-507C-4DEC-B363-A59B286F1F3F}.Release|Any CPU.ActiveCfg = Release|Any CPU
		{08B0736E-507C-4DEC-B363-A59B286F1F3F}.Release|Any CPU.Build.0 = Release|Any CPU
		{05BF03EE-ECCE-464F-8892-6B7B4A097AD7}.Debug|Any CPU.ActiveCfg = Debug|Any CPU
		{05BF03EE-ECCE-464F-8892-6B7B4A097AD7}.Debug|Any CPU.Build.0 = Debug|Any CPU
		{05BF03EE-ECCE-464F-8892-6B7B4A097AD7}.Release|Any CPU.ActiveCfg = Release|Any CPU
		{05BF03EE-ECCE-464F-8892-6B7B4A097AD7}.Release|Any CPU.Build.0 = Release|Any CPU
		{3D75B5C1-90E9-4556-83FF-3466FD3DCF50}.Debug|Any CPU.ActiveCfg = Debug|Any CPU
		{3D75B5C1-90E9-4556-83FF-3466FD3DCF50}.Debug|Any CPU.Build.0 = Debug|Any CPU
		{3D75B5C1-90E9-4556-83FF-3466FD3DCF50}.Release|Any CPU.ActiveCfg = Release|Any CPU
		{3D75B5C1-90E9-4556-83FF-3466FD3DCF50}.Release|Any CPU.Build.0 = Release|Any CPU
		{BD0EEA4C-5109-4220-90B4-7E9FC000F1D1}.Debug|Any CPU.ActiveCfg = Debug|Any CPU
		{BD0EEA4C-5109-4220-90B4-7E9FC000F1D1}.Debug|Any CPU.Build.0 = Debug|Any CPU
		{BD0EEA4C-5109-4220-90B4-7E9FC000F1D1}.Release|Any CPU.ActiveCfg = Release|Any CPU
		{BD0EEA4C-5109-4220-90B4-7E9FC000F1D1}.Release|Any CPU.Build.0 = Release|Any CPU
		{9D4A5315-84DA-4A49-B561-FBC8C2BDF527}.Debug|Any CPU.ActiveCfg = Debug|Any CPU
		{9D4A5315-84DA-4A49-B561-FBC8C2BDF527}.Debug|Any CPU.Build.0 = Debug|Any CPU
		{9D4A5315-84DA-4A49-B561-FBC8C2BDF527}.Release|Any CPU.ActiveCfg = Release|Any CPU
		{9D4A5315-84DA-4A49-B561-FBC8C2BDF527}.Release|Any CPU.Build.0 = Release|Any CPU
		{898A33E5-4DF9-4760-93F7-8A3D8913606D}.Debug|Any CPU.ActiveCfg = Debug|Any CPU
		{898A33E5-4DF9-4760-93F7-8A3D8913606D}.Debug|Any CPU.Build.0 = Debug|Any CPU
		{898A33E5-4DF9-4760-93F7-8A3D8913606D}.Release|Any CPU.ActiveCfg = Release|Any CPU
		{898A33E5-4DF9-4760-93F7-8A3D8913606D}.Release|Any CPU.Build.0 = Release|Any CPU
		{F4B293EC-AAB1-46F4-9CD8-09F286BE9B65}.Debug|Any CPU.ActiveCfg = Debug|Any CPU
		{F4B293EC-AAB1-46F4-9CD8-09F286BE9B65}.Debug|Any CPU.Build.0 = Debug|Any CPU
		{F4B293EC-AAB1-46F4-9CD8-09F286BE9B65}.Release|Any CPU.ActiveCfg = Release|Any CPU
		{F4B293EC-AAB1-46F4-9CD8-09F286BE9B65}.Release|Any CPU.Build.0 = Release|Any CPU
		{F4BD2773-2DF2-4163-B6CF-EC0D4E6518CE}.Debug|Any CPU.ActiveCfg = Debug|Any CPU
		{F4BD2773-2DF2-4163-B6CF-EC0D4E6518CE}.Debug|Any CPU.Build.0 = Debug|Any CPU
		{F4BD2773-2DF2-4163-B6CF-EC0D4E6518CE}.Release|Any CPU.ActiveCfg = Release|Any CPU
		{F4BD2773-2DF2-4163-B6CF-EC0D4E6518CE}.Release|Any CPU.Build.0 = Release|Any CPU
		{057581B3-03F6-4415-9EFD-34805F16BB15}.Debug|Any CPU.ActiveCfg = Debug|Any CPU
		{057581B3-03F6-4415-9EFD-34805F16BB15}.Debug|Any CPU.Build.0 = Debug|Any CPU
		{057581B3-03F6-4415-9EFD-34805F16BB15}.Release|Any CPU.ActiveCfg = Release|Any CPU
		{057581B3-03F6-4415-9EFD-34805F16BB15}.Release|Any CPU.Build.0 = Release|Any CPU
		{106EF023-6A98-457F-976A-00A8B5153617}.Debug|Any CPU.ActiveCfg = Debug|Any CPU
		{106EF023-6A98-457F-976A-00A8B5153617}.Debug|Any CPU.Build.0 = Debug|Any CPU
		{106EF023-6A98-457F-976A-00A8B5153617}.Release|Any CPU.ActiveCfg = Release|Any CPU
		{106EF023-6A98-457F-976A-00A8B5153617}.Release|Any CPU.Build.0 = Release|Any CPU
		{2E1DAB5A-F322-41D4-9981-3CE1A32A8ABE}.Debug|Any CPU.ActiveCfg = Debug|Any CPU
		{2E1DAB5A-F322-41D4-9981-3CE1A32A8ABE}.Debug|Any CPU.Build.0 = Debug|Any CPU
		{2E1DAB5A-F322-41D4-9981-3CE1A32A8ABE}.Release|Any CPU.ActiveCfg = Release|Any CPU
		{2E1DAB5A-F322-41D4-9981-3CE1A32A8ABE}.Release|Any CPU.Build.0 = Release|Any CPU
	EndGlobalSection
	GlobalSection(SolutionProperties) = preSolution
		HideSolutionNode = FALSE
	EndGlobalSection
	GlobalSection(NestedProjects) = preSolution
		{AECD6E59-2EC2-4FCA-99F5-7E04243511CF} = {0A4AA113-ADE2-4621-BA82-0B77141F2BC0}
		{6BE5FB48-09FF-4632-89FE-1B847F0C5296} = {10CA964C-D9D9-4CAB-A774-6150F23E6083}
		{5467CD8A-CCC3-4C97-AA2F-C9AC54C95551} = {36C9CFEC-7EF1-497F-A439-2C934591D144}
		{1E45057D-5D9D-4438-A3DD-149FC20DF61F} = {36C9CFEC-7EF1-497F-A439-2C934591D144}
		{08B0736E-507C-4DEC-B363-A59B286F1F3F} = {EB72B845-1CDE-45ED-BF9E-FE8BE12651AF}
		{05BF03EE-ECCE-464F-8892-6B7B4A097AD7} = {EB72B845-1CDE-45ED-BF9E-FE8BE12651AF}
		{3D75B5C1-90E9-4556-83FF-3466FD3DCF50} = {EB72B845-1CDE-45ED-BF9E-FE8BE12651AF}
		{BD0EEA4C-5109-4220-90B4-7E9FC000F1D1} = {EB72B845-1CDE-45ED-BF9E-FE8BE12651AF}
		{F22E6A54-0358-40F3-BE86-832FC76B42B1} = {EB72B845-1CDE-45ED-BF9E-FE8BE12651AF}
		{9D4A5315-84DA-4A49-B561-FBC8C2BDF527} = {F22E6A54-0358-40F3-BE86-832FC76B42B1}
		{898A33E5-4DF9-4760-93F7-8A3D8913606D} = {F22E6A54-0358-40F3-BE86-832FC76B42B1}
		{F4B293EC-AAB1-46F4-9CD8-09F286BE9B65} = {F22E6A54-0358-40F3-BE86-832FC76B42B1}
		{F4BD2773-2DF2-4163-B6CF-EC0D4E6518CE} = {F22E6A54-0358-40F3-BE86-832FC76B42B1}
		{057581B3-03F6-4415-9EFD-34805F16BB15} = {F22E6A54-0358-40F3-BE86-832FC76B42B1}
		{FF60B4F3-85F4-4658-AF24-42F527AD2928} = {EB72B845-1CDE-45ED-BF9E-FE8BE12651AF}
		{106EF023-6A98-457F-976A-00A8B5153617} = {FF60B4F3-85F4-4658-AF24-42F527AD2928}
		{C7AF57FE-17FD-498B-9894-8D6701AFCADA} = {FF60B4F3-85F4-4658-AF24-42F527AD2928}
		{2E1DAB5A-F322-41D4-9981-3CE1A32A8ABE} = {C7AF57FE-17FD-498B-9894-8D6701AFCADA}
	EndGlobalSection
	GlobalSection(ExtensibilityGlobals) = postSolution
		SolutionGuid = {171D8879-438F-4DE1-BD73-AF9DD891F01C}
	EndGlobalSection
EndGlobal
